{
  "name": "EX4",
  "lockfileVersion": 2,
  "requires": true,
  "packages": {
    "": {
      "dependencies": {
        "mathplot": "^0.11.4",
        "matplotlib": "^1.0.0"
      }
    },
    "node_modules/mathplot": {
      "version": "0.11.4",
      "resolved": "https://registry.npmjs.org/mathplot/-/mathplot-0.11.4.tgz",
      "integrity": "sha512-4z9Snb1KpbD1ZHRoGLSMKFUo19vBAfvHXXHvBAx1Xr5xqN58Jx98o8qE346d80vijyJBfwbooYeO8f9g1Yw/6w=="
    },
    "node_modules/matplotlib": {
      "version": "1.0.0",
      "resolved": "https://registry.npmjs.org/matplotlib/-/matplotlib-1.0.0.tgz",
      "integrity": "sha512-BiYNXIswoWqkcQ2dT+DbOAy8dR+Gi72rKilabj7x2SMAs8HDHDynvgbIPHHQn3SnR78IBh6rNxhlAbQPEjuwlw=="
    }
  },
  "dependencies": {
    "mathplot": {
      "version": "0.11.4",
      "resolved": "https://registry.npmjs.org/mathplot/-/mathplot-0.11.4.tgz",
      "integrity": "sha512-4z9Snb1KpbD1ZHRoGLSMKFUo19vBAfvHXXHvBAx1Xr5xqN58Jx98o8qE346d80vijyJBfwbooYeO8f9g1Yw/6w=="
    },
    "matplotlib": {
      "version": "1.0.0",
      "resolved": "https://registry.npmjs.org/matplotlib/-/matplotlib-1.0.0.tgz",
      "integrity": "sha512-BiYNXIswoWqkcQ2dT+DbOAy8dR+Gi72rKilabj7x2SMAs8HDHDynvgbIPHHQn3SnR78IBh6rNxhlAbQPEjuwlw=="
    }
  }
}
